Microsoft Visual Studio Solution File, Format Version 12.00
# Visual Studio Version 17
VisualStudioVersion = 17.0.31903.59
MinimumVisualStudioVersion = 10.0.40219.1
Project("{FAE04EC0-301F-11D3-BF4B-00C04F79EFBC}") = "EchoSim.Core", "src\EchoSim.Core\EchoSim.Core.csproj", "{C815C48F-00CE-4F57-992C-BE5DA0BCAD77}"
EndProject
Project("{FAE04EC0-301F-11D3-BF4B-00C04F79EFBC}") = "EchoSim.Simulation", "src\EchoSim.Simulation\EchoSim.Simulation.csproj", "{0F5896CD-BF4D-4D36-A871-028EC41A7A6F}"
EndProject
Project("{FAE04EC0-301F-11D3-BF4B-00C04F79EFBC}") = "EchoSim.Tests", "tests\EchoSim.Tests\EchoSim.Tests.csproj", "{39FA0250-4667-486E-8D54-418769C7576B}"
EndProject
Project("{FAE04EC0-301F-11D3-BF4B-00C04F79EFBC}") = "EchoSim.HeadlessDemo", "tools\EchoSim.HeadlessDemo\EchoSim.HeadlessDemo.csproj", "{A033477A-B1E2-41C9-A3AF-8874430B1C21}"
EndProject
Global
	GlobalSection(SolutionConfigurationPlatforms) = preSolution
		Debug|Any CPU = Debug|Any CPU
		Release|Any CPU = Release|Any CPU
	EndGlobalSection
	GlobalSection(ProjectConfigurationPlatforms) = postSolution
		{C815C48F-00CE-4F57-992C-BE5DA0BCAD77}.Debug|Any CPU.ActiveCfg = Debug|Any CPU
		{C815C48F-00CE-4F57-992C-BE5DA0BCAD77}.Debug|Any CPU.Build.0 = Debug|Any CPU
		{C815C48F-00CE-4F57-992C-BE5DA0BCAD77}.Release|Any CPU.ActiveCfg = Release|Any CPU
		{C815C48F-00CE-4F57-992C-BE5DA0BCAD77}.Release|Any CPU.Build.0 = Release|Any CPU
		{0F5896CD-BF4D-4D36-A871-028EC41A7A6F}.Debug|Any CPU.ActiveCfg = Debug|Any CPU
		{0F5896CD-BF4D-4D36-A871-028EC41A7A6F}.Debug|Any CPU.Build.0 = Debug|Any CPU
		{0F5896CD-BF4D-4D36-A871-028EC41A7A6F}.Release|Any CPU.ActiveCfg = Release|Any CPU
		{0F5896CD-BF4D-4D36-A871-028EC41A7A6F}.Release|Any CPU.Build.0 = Release|Any CPU
		{39FA0250-4667-486E-8D54-418769C7576B}.Debug|Any CPU.ActiveCfg = Debug|Any CPU
		{39FA0250-4667-486E-8D54-418769C7576B}.Debug|Any CPU.Build.0 = Debug|Any CPU
		{39FA0250-4667-486E-8D54-418769C7576B}.Release|Any CPU.ActiveCfg = Release|Any CPU
		{39FA0250-4667-486E-8D54-418769C7576B}.Release|Any CPU.Build.0 = Release|Any CPU
		{A033477A-B1E2-41C9-A3AF-8874430B1C21}.Debug|Any CPU.ActiveCfg = Debug|Any CPU
		{A033477A-B1E2-41C9-A3AF-8874430B1C21}.Debug|Any CPU.Build.0 = Debug|Any CPU
		{A033477A-B1E2-41C9-A3AF-8874430B1C21}.Release|Any CPU.ActiveCfg = Release|Any CPU
		{A033477A-B1E2-41C9-A3AF-8874430B1C21}.Release|Any CPU.Build.0 = Release|Any CPU
	EndGlobalSection
	GlobalSection(SolutionProperties) = preSolution
		HideSolutionNode = FALSE
	EndGlobalSection
EndGlobal
